lockfileVersion: '9.0'

settings:
  autoInstallPeers: true
  excludeLinksFromLockfile: false

importers:

  .:
    dependencies:
      cleartype:
        specifier: ^0.0.7
        version: 0.0.7
      loupe:
        specifier: ^3.1.3
        version: 3.1.3
      normalize-function-arguments:
        specifier: ^0.0.11
        version: 0.0.11
      regex:
        specifier: ^6.0.1
        version: 6.0.1

packages:

  cleartype@0.0.7:
    resolution: {integrity: sha512-RoPd7mvyF4K4BiWktnNhPUkIdVE0RoRmpkga3JJpc4TWkPFdy1gcU41gCog2Ot/PPzQWAPFXtcqC1316fAAuZg==}

  loupe@3.1.3:
    resolution: {integrity: sha512-kkIp7XSkP78ZxJEsSxW3712C6teJVoeHHwgo9zJ380de7IYyJ2ISlxojcH2pC5OFLewESmnRi/+XCDIEEVyoug==}

  loupe@3.1.4:
    resolution: {integrity: sha512-wJzkKwJrheKtknCOKNEtDK4iqg/MxmZheEMtSTYvnzRdEYaZzmgH976nenp8WdJRdx5Vc1X/9MO0Oszl6ezeXg==}

  normalize-function-arguments@0.0.11:
    resolution: {integrity: sha512-0YF49+WVwATNqQqzl42tAb3dwb4a++grXqIOnvF9H/Tf+xhRZ14pSVbyCHlznaMk4lRfxFTkNUKgZJZ7Wa4ADw==}

  regex-utilities@2.3.0:
    resolution: {integrity: sha512-8VhliFJAWRaUiVvREIiW2NXXTmHs4vMNnSzuJVhscgmGav3g9VDxLrQndI3dZZVVdp0ZO/5v0xmX516/7M9cng==}

  regex@6.0.1:
    resolution: {integrity: sha512-uorlqlzAKjKQZ5P+kTJr3eeJGSVroLKoHmquUj4zHWuR+hEyNqlXsSKlYYF5F4NI6nl7tWCs0apKJ0lmfsXAPA==}

snapshots:

  cleartype@0.0.7:
    dependencies:
      loupe: 3.1.3

  loupe@3.1.3: {}

  loupe@3.1.4: {}

  normalize-function-arguments@0.0.11:
    dependencies:
      loupe: 3.1.4

  regex-utilities@2.3.0: {}

  regex@6.0.1:
    dependencies:
      regex-utilities: 2.3.0
